
Microsoft Visual Studio Solution File, Format Version 12.00
# Visual Studio Version 17
VisualStudioVersion = 17.2.32630.192
MinimumVisualStudioVersion = 10.0.40219.1
Project("{9A19103F-16F7-4668-BE54-9A1E7A4F7556}") = "R5T.T0194", "R5T.T0194\R5T.T0194.csproj", "{4FF376A4-3662-4962-B112-6B8B1BD4388B}"
EndProject
Project("{2150E333-8FDC-42A3-9474-1A3956D46DE8}") = "_Dependencies", "_Dependencies", "{14EAD19D-3AC6-48C6-98E9-F2A89ABA0EFF}"
EndProject
Project("{9A19103F-16F7-4668-BE54-9A1E7A4F7556}") = "R5T.T0137", "..\..\R5T.T0137\source\R5T.T0137\R5T.T0137.csproj", "{38E5BF41-914A-4380-9238-27A161EC7553}"
EndProject
Project("{9A19103F-16F7-4668-BE54-9A1E7A4F7556}") = "R5T.T0143", "..\..\R5T.T0143\source\R5T.T0143\R5T.T0143.csproj", "{86E964DC-91F4-4685-8774-BA0DC49B42DF}"
EndProject
Project("{9A19103F-16F7-4668-BE54-9A1E7A4F7556}") = "R5T.F0000", "..\..\R5T.F0000\source\R5T.F0000\R5T.F0000.csproj", "{D056E727-E8D8-4E16-8CE2-5B8C0BAFE112}"
EndProject
Project("{9A19103F-16F7-4668-BE54-9A1E7A4F7556}") = "R5T.NG0006", "..\..\R5T.NG0006\source\R5T.NG0006\R5T.NG0006.csproj", "{BB8AA925-3E06-4C30-A758-60FDEB3B1BFF}"
EndProject
Project("{9A19103F-16F7-4668-BE54-9A1E7A4F7556}") = "R5T.T0131", "..\..\R5T.T0131\source\R5T.T0131\R5T.T0131.csproj", "{208F2887-D086-43F6-81D5-B5BE590D09CE}"
EndProject
Project("{9A19103F-16F7-4668-BE54-9A1E7A4F7556}") = "R5T.T0132", "..\..\R5T.T0132\source\R5T.T0132\R5T.T0132.csproj", "{396378E5-A815-47E1-AC0F-0B112AFAB1AC}"
EndProject
Project("{9A19103F-16F7-4668-BE54-9A1E7A4F7556}") = "R5T.T0142", "..\..\R5T.T0142\source\R5T.T0142\R5T.T0142.csproj", "{607232DF-1C42-470E-AEA6-5130FE5A4DCB}"
EndProject
Project("{9A19103F-16F7-4668-BE54-9A1E7A4F7556}") = "R5T.T0156", "..\..\R5T.T0156\source\R5T.T0156\R5T.T0156.csproj", "{A78DA792-A410-4F60-829E-303EEBA22282}"
EndProject
Project("{9A19103F-16F7-4668-BE54-9A1E7A4F7556}") = "R5T.T0158", "..\..\R5T.T0158\source\R5T.T0158\R5T.T0158.csproj", "{1A92AF12-8DAB-4B90-984A-146D109D4DBA}"
EndProject
Project("{9A19103F-16F7-4668-BE54-9A1E7A4F7556}") = "R5T.T0159", "..\..\R5T.T0159\source\R5T.T0159\R5T.T0159.csproj", "{AF8C5211-0A40-4BA8-B178-929ED9090DB3}"
EndProject
Project("{9A19103F-16F7-4668-BE54-9A1E7A4F7556}") = "R5T.Y0000", "..\..\R5T.Y0000\source\R5T.Y0000\R5T.Y0000.csproj", "{0ECE25C1-0FAA-4442-8BB0-71327D1EEBFA}"
EndProject
Project("{9A19103F-16F7-4668-BE54-9A1E7A4F7556}") = "R5T.Z0000", "..\..\R5T.Z0000\source\R5T.Z0000\R5T.Z0000.csproj", "{38F7E1E8-270C-4522-8CC6-C8272C930B6F}"
EndProject
Global
	GlobalSection(NestedProjects) = preSolution
		{38E5BF41-914A-4380-9238-27A161EC7553} = {14EAD19D-3AC6-48C6-98E9-F2A89ABA0EFF}
		{86E964DC-91F4-4685-8774-BA0DC49B42DF} = {14EAD19D-3AC6-48C6-98E9-F2A89ABA0EFF}
		{D056E727-E8D8-4E16-8CE2-5B8C0BAFE112} = {14EAD19D-3AC6-48C6-98E9-F2A89ABA0EFF}
		{BB8AA925-3E06-4C30-A758-60FDEB3B1BFF} = {14EAD19D-3AC6-48C6-98E9-F2A89ABA0EFF}
		{208F2887-D086-43F6-81D5-B5BE590D09CE} = {14EAD19D-3AC6-48C6-98E9-F2A89ABA0EFF}
		{396378E5-A815-47E1-AC0F-0B112AFAB1AC} = {14EAD19D-3AC6-48C6-98E9-F2A89ABA0EFF}
		{607232DF-1C42-470E-AEA6-5130FE5A4DCB} = {14EAD19D-3AC6-48C6-98E9-F2A89ABA0EFF}
		{A78DA792-A410-4F60-829E-303EEBA22282} = {14EAD19D-3AC6-48C6-98E9-F2A89ABA0EFF}
		{1A92AF12-8DAB-4B90-984A-146D109D4DBA} = {14EAD19D-3AC6-48C6-98E9-F2A89ABA0EFF}
		{AF8C5211-0A40-4BA8-B178-929ED9090DB3} = {14EAD19D-3AC6-48C6-98E9-F2A89ABA0EFF}
		{0ECE25C1-0FAA-4442-8BB0-71327D1EEBFA} = {14EAD19D-3AC6-48C6-98E9-F2A89ABA0EFF}
		{38F7E1E8-270C-4522-8CC6-C8272C930B6F} = {14EAD19D-3AC6-48C6-98E9-F2A89ABA0EFF}
	EndGlobalSection
	GlobalSection(SolutionConfigurationPlatforms) = preSolution
		Debug|Any CPU = Debug|Any CPU
		Release|Any CPU = Release|Any CPU
	EndGlobalSection
	GlobalSection(ProjectConfigurationPlatforms) = postSolution
		{4FF376A4-3662-4962-B112-6B8B1BD4388B}.Debug|Any CPU.ActiveCfg = Debug|Any CPU
		{4FF376A4-3662-4962-B112-6B8B1BD4388B}.Debug|Any CPU.Build.0 = Debug|Any CPU
		{4FF376A4-3662-4962-B112-6B8B1BD4388B}.Release|Any CPU.ActiveCfg = Release|Any CPU
		{4FF376A4-3662-4962-B112-6B8B1BD4388B}.Release|Any CPU.Build.0 = Release|Any CPU
		{38E5BF41-914A-4380-9238-27A161EC7553}.Debug|Any CPU.ActiveCfg = Debug|Any CPU
		{38E5BF41-914A-4380-9238-27A161EC7553}.Debug|Any CPU.Build.0 = Debug|Any CPU
		{38E5BF41-914A-4380-9238-27A161EC7553}.Release|Any CPU.ActiveCfg = Release|Any CPU
		{38E5BF41-914A-4380-9238-27A161EC7553}.Release|Any CPU.Build.0 = Release|Any CPU
		{86E964DC-91F4-4685-8774-BA0DC49B42DF}.Debug|Any CPU.ActiveCfg = Debug|Any CPU
		{86E964DC-91F4-4685-8774-BA0DC49B42DF}.Debug|Any CPU.Build.0 = Debug|Any CPU
		{86E964DC-91F4-4685-8774-BA0DC49B42DF}.Release|Any CPU.ActiveCfg = Release|Any CPU
		{86E964DC-91F4-4685-8774-BA0DC49B42DF}.Release|Any CPU.Build.0 = Release|Any CPU
		{D056E727-E8D8-4E16-8CE2-5B8C0BAFE112}.Debug|Any CPU.ActiveCfg = Debug|Any CPU
		{D056E727-E8D8-4E16-8CE2-5B8C0BAFE112}.Debug|Any CPU.Build.0 = Debug|Any CPU
		{D056E727-E8D8-4E16-8CE2-5B8C0BAFE112}.Release|Any CPU.ActiveCfg = Release|Any CPU
		{D056E727-E8D8-4E16-8CE2-5B8C0BAFE112}.Release|Any CPU.Build.0 = Release|Any CPU
		{BB8AA925-3E06-4C30-A758-60FDEB3B1BFF}.Debug|Any CPU.ActiveCfg = Debug|Any CPU
		{BB8AA925-3E06-4C30-A758-60FDEB3B1BFF}.Debug|Any CPU.Build.0 = Debug|Any CPU
		{BB8AA925-3E06-4C30-A758-60FDEB3B1BFF}.Release|Any CPU.ActiveCfg = Release|Any CPU
		{BB8AA925-3E06-4C30-A758-60FDEB3B1BFF}.Release|Any CPU.Build.0 = Release|Any CPU
		{208F2887-D086-43F6-81D5-B5BE590D09CE}.Debug|Any CPU.ActiveCfg = Debug|Any CPU
		{208F2887-D086-43F6-81D5-B5BE590D09CE}.Debug|Any CPU.Build.0 = Debug|Any CPU
		{208F2887-D086-43F6-81D5-B5BE590D09CE}.Release|Any CPU.ActiveCfg = Release|Any CPU
		{208F2887-D086-43F6-81D5-B5BE590D09CE}.Release|Any CPU.Build.0 = Release|Any CPU
		{396378E5-A815-47E1-AC0F-0B112AFAB1AC}.Debug|Any CPU.ActiveCfg = Debug|Any CPU
		{396378E5-A815-47E1-AC0F-0B112AFAB1AC}.Debug|Any CPU.Build.0 = Debug|Any CPU
		{396378E5-A815-47E1-AC0F-0B112AFAB1AC}.Release|Any CPU.ActiveCfg = Release|Any CPU
		{396378E5-A815-47E1-AC0F-0B112AFAB1AC}.Release|Any CPU.Build.0 = Release|Any CPU
		{607232DF-1C42-470E-AEA6-5130FE5A4DCB}.Debug|Any CPU.ActiveCfg = Debug|Any CPU
		{607232DF-1C42-470E-AEA6-5130FE5A4DCB}.Debug|Any CPU.Build.0 = Debug|Any CPU
		{607232DF-1C42-470E-AEA6-5130FE5A4DCB}.Release|Any CPU.ActiveCfg = Release|Any CPU
		{607232DF-1C42-470E-AEA6-5130FE5A4DCB}.Release|Any CPU.Build.0 = Release|Any CPU
		{A78DA792-A410-4F60-829E-303EEBA22282}.Debug|Any CPU.ActiveCfg = Debug|Any CPU
		{A78DA792-A410-4F60-829E-303EEBA22282}.Debug|Any CPU.Build.0 = Debug|Any CPU
		{A78DA792-A410-4F60-829E-303EEBA22282}.Release|Any CPU.ActiveCfg = Release|Any CPU
		{A78DA792-A410-4F60-829E-303EEBA22282}.Release|Any CPU.Build.0 = Release|Any CPU
		{1A92AF12-8DAB-4B90-984A-146D109D4DBA}.Debug|Any CPU.ActiveCfg = Debug|Any CPU
		{1A92AF12-8DAB-4B90-984A-146D109D4DBA}.Debug|Any CPU.Build.0 = Debug|Any CPU
		{1A92AF12-8DAB-4B90-984A-146D109D4DBA}.Release|Any CPU.ActiveCfg = Release|Any CPU
		{1A92AF12-8DAB-4B90-984A-146D109D4DBA}.Release|Any CPU.Build.0 = Release|Any CPU
		{AF8C5211-0A40-4BA8-B178-929ED9090DB3}.Debug|Any CPU.ActiveCfg = Debug|Any CPU
		{AF8C5211-0A40-4BA8-B178-929ED9090DB3}.Debug|Any CPU.Build.0 = Debug|Any CPU
		{AF8C5211-0A40-4BA8-B178-929ED9090DB3}.Release|Any CPU.ActiveCfg = Release|Any CPU
		{AF8C5211-0A40-4BA8-B178-929ED9090DB3}.Release|Any CPU.Build.0 = Release|Any CPU
		{0ECE25C1-0FAA-4442-8BB0-71327D1EEBFA}.Debug|Any CPU.ActiveCfg = Debug|Any CPU
		{0ECE25C1-0FAA-4442-8BB0-71327D1EEBFA}.Debug|Any CPU.Build.0 = Debug|Any CPU
		{0ECE25C1-0FAA-4442-8BB0-71327D1EEBFA}.Release|Any CPU.ActiveCfg = Release|Any CPU
		{0ECE25C1-0FAA-4442-8BB0-71327D1EEBFA}.Release|Any CPU.Build.0 = Release|Any CPU
		{38F7E1E8-270C-4522-8CC6-C8272C930B6F}.Debug|Any CPU.ActiveCfg = Debug|Any CPU
		{38F7E1E8-270C-4522-8CC6-C8272C930B6F}.Debug|Any CPU.Build.0 = Debug|Any CPU
		{38F7E1E8-270C-4522-8CC6-C8272C930B6F}.Release|Any CPU.ActiveCfg = Release|Any CPU
		{38F7E1E8-270C-4522-8CC6-C8272C930B6F}.Release|Any CPU.Build.0 = Release|Any CPU
	EndGlobalSection
	GlobalSection(SolutionProperties) = preSolution
		HideSolutionNode = FALSE
	EndGlobalSection
	GlobalSection(ExtensibilityGlobals) = postSolution
		SolutionGuid = {5C276F51-9FA1-4E5D-9903-D4E8BEE7EA1C}
	EndGlobalSection
EndGlobal
