
Microsoft Visual Studio Solution File, Format Version 12.00
# Visual Studio Version 17
VisualStudioVersion = 17.2.32630.192
MinimumVisualStudioVersion = 10.0.40219.1
Project("{9A19103F-16F7-4668-BE54-9A1E7A4F7556}") = "R5T.T0194.Construction", "R5T.T0194.Construction\R5T.T0194.Construction.csproj", "{A0B3C1C3-D691-41D4-94A0-F5B88A7439A6}"
EndProject
Project("{9A19103F-16F7-4668-BE54-9A1E7A4F7556}") = "R5T.T0194", "R5T.T0194\R5T.T0194.csproj", "{D0A14CE1-998C-4304-BDDD-0F40232FFD8D}"
EndProject
Project("{2150E333-8FDC-42A3-9474-1A3956D46DE8}") = "_Dependencies", "_Dependencies", "{38C9A6E4-BC85-4808-851D-A8E8B812DBF7}"
EndProject
Project("{9A19103F-16F7-4668-BE54-9A1E7A4F7556}") = "R5T.T0137", "..\..\R5T.T0137\source\R5T.T0137\R5T.T0137.csproj", "{3B0011F2-EC99-41BD-938A-954BA9279106}"
EndProject
Project("{9A19103F-16F7-4668-BE54-9A1E7A4F7556}") = "R5T.T0143", "..\..\R5T.T0143\source\R5T.T0143\R5T.T0143.csproj", "{8CB56848-B70D-455D-985F-AF3CAAF7423F}"
EndProject
Project("{9A19103F-16F7-4668-BE54-9A1E7A4F7556}") = "R5T.F0000", "..\..\R5T.F0000\source\R5T.F0000\R5T.F0000.csproj", "{C7A66C93-79CD-401E-B0C7-1CC223BF409C}"
EndProject
Project("{9A19103F-16F7-4668-BE54-9A1E7A4F7556}") = "R5T.NG0006", "..\..\R5T.NG0006\source\R5T.NG0006\R5T.NG0006.csproj", "{E9B53615-A3B8-445F-BC7A-5F081A7A0ED8}"
EndProject
Project("{9A19103F-16F7-4668-BE54-9A1E7A4F7556}") = "R5T.T0131", "..\..\R5T.T0131\source\R5T.T0131\R5T.T0131.csproj", "{E3AD9B41-F002-4AE4-841E-5889EA1BB1C1}"
EndProject
Project("{9A19103F-16F7-4668-BE54-9A1E7A4F7556}") = "R5T.T0132", "..\..\R5T.T0132\source\R5T.T0132\R5T.T0132.csproj", "{87866710-F4CE-4A21-AA80-62185B764C3E}"
EndProject
Project("{9A19103F-16F7-4668-BE54-9A1E7A4F7556}") = "R5T.T0142", "..\..\R5T.T0142\source\R5T.T0142\R5T.T0142.csproj", "{40F43C2B-5FAB-41AB-9B12-420701349114}"
EndProject
Project("{9A19103F-16F7-4668-BE54-9A1E7A4F7556}") = "R5T.T0156", "..\..\R5T.T0156\source\R5T.T0156\R5T.T0156.csproj", "{AFBD2F03-7664-4A75-B578-F99328124FBE}"
EndProject
Project("{9A19103F-16F7-4668-BE54-9A1E7A4F7556}") = "R5T.T0158", "..\..\R5T.T0158\source\R5T.T0158\R5T.T0158.csproj", "{CF03E6C1-9FAC-4FDD-A83B-DC4858D5161A}"
EndProject
Project("{9A19103F-16F7-4668-BE54-9A1E7A4F7556}") = "R5T.T0159", "..\..\R5T.T0159\source\R5T.T0159\R5T.T0159.csproj", "{EE1024B9-61F5-4989-971B-DC524CE2901F}"
EndProject
Project("{9A19103F-16F7-4668-BE54-9A1E7A4F7556}") = "R5T.Y0000", "..\..\R5T.Y0000\source\R5T.Y0000\R5T.Y0000.csproj", "{89C2019B-8C96-4D33-930C-3C42B3A60A42}"
EndProject
Project("{9A19103F-16F7-4668-BE54-9A1E7A4F7556}") = "R5T.Z0000", "..\..\R5T.Z0000\source\R5T.Z0000\R5T.Z0000.csproj", "{86D5A183-9236-40CC-9084-B9E6751CEF51}"
EndProject
Global
	GlobalSection(NestedProjects) = preSolution
		{3B0011F2-EC99-41BD-938A-954BA9279106} = {38C9A6E4-BC85-4808-851D-A8E8B812DBF7}
		{8CB56848-B70D-455D-985F-AF3CAAF7423F} = {38C9A6E4-BC85-4808-851D-A8E8B812DBF7}
		{C7A66C93-79CD-401E-B0C7-1CC223BF409C} = {38C9A6E4-BC85-4808-851D-A8E8B812DBF7}
		{E9B53615-A3B8-445F-BC7A-5F081A7A0ED8} = {38C9A6E4-BC85-4808-851D-A8E8B812DBF7}
		{E3AD9B41-F002-4AE4-841E-5889EA1BB1C1} = {38C9A6E4-BC85-4808-851D-A8E8B812DBF7}
		{87866710-F4CE-4A21-AA80-62185B764C3E} = {38C9A6E4-BC85-4808-851D-A8E8B812DBF7}
		{40F43C2B-5FAB-41AB-9B12-420701349114} = {38C9A6E4-BC85-4808-851D-A8E8B812DBF7}
		{AFBD2F03-7664-4A75-B578-F99328124FBE} = {38C9A6E4-BC85-4808-851D-A8E8B812DBF7}
		{CF03E6C1-9FAC-4FDD-A83B-DC4858D5161A} = {38C9A6E4-BC85-4808-851D-A8E8B812DBF7}
		{EE1024B9-61F5-4989-971B-DC524CE2901F} = {38C9A6E4-BC85-4808-851D-A8E8B812DBF7}
		{89C2019B-8C96-4D33-930C-3C42B3A60A42} = {38C9A6E4-BC85-4808-851D-A8E8B812DBF7}
		{86D5A183-9236-40CC-9084-B9E6751CEF51} = {38C9A6E4-BC85-4808-851D-A8E8B812DBF7}
	EndGlobalSection
	GlobalSection(SolutionConfigurationPlatforms) = preSolution
		Debug|Any CPU = Debug|Any CPU
		Release|Any CPU = Release|Any CPU
	EndGlobalSection
	GlobalSection(ProjectConfigurationPlatforms) = postSolution
		{A0B3C1C3-D691-41D4-94A0-F5B88A7439A6}.Debug|Any CPU.ActiveCfg = Debug|Any CPU
		{A0B3C1C3-D691-41D4-94A0-F5B88A7439A6}.Debug|Any CPU.Build.0 = Debug|Any CPU
		{A0B3C1C3-D691-41D4-94A0-F5B88A7439A6}.Release|Any CPU.ActiveCfg = Release|Any CPU
		{A0B3C1C3-D691-41D4-94A0-F5B88A7439A6}.Release|Any CPU.Build.0 = Release|Any CPU
		{D0A14CE1-998C-4304-BDDD-0F40232FFD8D}.Debug|Any CPU.ActiveCfg = Debug|Any CPU
		{D0A14CE1-998C-4304-BDDD-0F40232FFD8D}.Debug|Any CPU.Build.0 = Debug|Any CPU
		{D0A14CE1-998C-4304-BDDD-0F40232FFD8D}.Release|Any CPU.ActiveCfg = Release|Any CPU
		{D0A14CE1-998C-4304-BDDD-0F40232FFD8D}.Release|Any CPU.Build.0 = Release|Any CPU
		{3B0011F2-EC99-41BD-938A-954BA9279106}.Debug|Any CPU.ActiveCfg = Debug|Any CPU
		{3B0011F2-EC99-41BD-938A-954BA9279106}.Debug|Any CPU.Build.0 = Debug|Any CPU
		{3B0011F2-EC99-41BD-938A-954BA9279106}.Release|Any CPU.ActiveCfg = Release|Any CPU
		{3B0011F2-EC99-41BD-938A-954BA9279106}.Release|Any CPU.Build.0 = Release|Any CPU
		{8CB56848-B70D-455D-985F-AF3CAAF7423F}.Debug|Any CPU.ActiveCfg = Debug|Any CPU
		{8CB56848-B70D-455D-985F-AF3CAAF7423F}.Debug|Any CPU.Build.0 = Debug|Any CPU
		{8CB56848-B70D-455D-985F-AF3CAAF7423F}.Release|Any CPU.ActiveCfg = Release|Any CPU
		{8CB56848-B70D-455D-985F-AF3CAAF7423F}.Release|Any CPU.Build.0 = Release|Any CPU
		{C7A66C93-79CD-401E-B0C7-1CC223BF409C}.Debug|Any CPU.ActiveCfg = Debug|Any CPU
		{C7A66C93-79CD-401E-B0C7-1CC223BF409C}.Debug|Any CPU.Build.0 = Debug|Any CPU
		{C7A66C93-79CD-401E-B0C7-1CC223BF409C}.Release|Any CPU.ActiveCfg = Release|Any CPU
		{C7A66C93-79CD-401E-B0C7-1CC223BF409C}.Release|Any CPU.Build.0 = Release|Any CPU
		{E9B53615-A3B8-445F-BC7A-5F081A7A0ED8}.Debug|Any CPU.ActiveCfg = Debug|Any CPU
		{E9B53615-A3B8-445F-BC7A-5F081A7A0ED8}.Debug|Any CPU.Build.0 = Debug|Any CPU
		{E9B53615-A3B8-445F-BC7A-5F081A7A0ED8}.Release|Any CPU.ActiveCfg = Release|Any CPU
		{E9B53615-A3B8-445F-BC7A-5F081A7A0ED8}.Release|Any CPU.Build.0 = Release|Any CPU
		{E3AD9B41-F002-4AE4-841E-5889EA1BB1C1}.Debug|Any CPU.ActiveCfg = Debug|Any CPU
		{E3AD9B41-F002-4AE4-841E-5889EA1BB1C1}.Debug|Any CPU.Build.0 = Debug|Any CPU
		{E3AD9B41-F002-4AE4-841E-5889EA1BB1C1}.Release|Any CPU.ActiveCfg = Release|Any CPU
		{E3AD9B41-F002-4AE4-841E-5889EA1BB1C1}.Release|Any CPU.Build.0 = Release|Any CPU
		{87866710-F4CE-4A21-AA80-62185B764C3E}.Debug|Any CPU.ActiveCfg = Debug|Any CPU
		{87866710-F4CE-4A21-AA80-62185B764C3E}.Debug|Any CPU.Build.0 = Debug|Any CPU
		{87866710-F4CE-4A21-AA80-62185B764C3E}.Release|Any CPU.ActiveCfg = Release|Any CPU
		{87866710-F4CE-4A21-AA80-62185B764C3E}.Release|Any CPU.Build.0 = Release|Any CPU
		{40F43C2B-5FAB-41AB-9B12-420701349114}.Debug|Any CPU.ActiveCfg = Debug|Any CPU
		{40F43C2B-5FAB-41AB-9B12-420701349114}.Debug|Any CPU.Build.0 = Debug|Any CPU
		{40F43C2B-5FAB-41AB-9B12-420701349114}.Release|Any CPU.ActiveCfg = Release|Any CPU
		{40F43C2B-5FAB-41AB-9B12-420701349114}.Release|Any CPU.Build.0 = Release|Any CPU
		{AFBD2F03-7664-4A75-B578-F99328124FBE}.Debug|Any CPU.ActiveCfg = Debug|Any CPU
		{AFBD2F03-7664-4A75-B578-F99328124FBE}.Debug|Any CPU.Build.0 = Debug|Any CPU
		{AFBD2F03-7664-4A75-B578-F99328124FBE}.Release|Any CPU.ActiveCfg = Release|Any CPU
		{AFBD2F03-7664-4A75-B578-F99328124FBE}.Release|Any CPU.Build.0 = Release|Any CPU
		{CF03E6C1-9FAC-4FDD-A83B-DC4858D5161A}.Debug|Any CPU.ActiveCfg = Debug|Any CPU
		{CF03E6C1-9FAC-4FDD-A83B-DC4858D5161A}.Debug|Any CPU.Build.0 = Debug|Any CPU
		{CF03E6C1-9FAC-4FDD-A83B-DC4858D5161A}.Release|Any CPU.ActiveCfg = Release|Any CPU
		{CF03E6C1-9FAC-4FDD-A83B-DC4858D5161A}.Release|Any CPU.Build.0 = Release|Any CPU
		{EE1024B9-61F5-4989-971B-DC524CE2901F}.Debug|Any CPU.ActiveCfg = Debug|Any CPU
		{EE1024B9-61F5-4989-971B-DC524CE2901F}.Debug|Any CPU.Build.0 = Debug|Any CPU
		{EE1024B9-61F5-4989-971B-DC524CE2901F}.Release|Any CPU.ActiveCfg = Release|Any CPU
		{EE1024B9-61F5-4989-971B-DC524CE2901F}.Release|Any CPU.Build.0 = Release|Any CPU
		{89C2019B-8C96-4D33-930C-3C42B3A60A42}.Debug|Any CPU.ActiveCfg = Debug|Any CPU
		{89C2019B-8C96-4D33-930C-3C42B3A60A42}.Debug|Any CPU.Build.0 = Debug|Any CPU
		{89C2019B-8C96-4D33-930C-3C42B3A60A42}.Release|Any CPU.ActiveCfg = Release|Any CPU
		{89C2019B-8C96-4D33-930C-3C42B3A60A42}.Release|Any CPU.Build.0 = Release|Any CPU
		{86D5A183-9236-40CC-9084-B9E6751CEF51}.Debug|Any CPU.ActiveCfg = Debug|Any CPU
		{86D5A183-9236-40CC-9084-B9E6751CEF51}.Debug|Any CPU.Build.0 = Debug|Any CPU
		{86D5A183-9236-40CC-9084-B9E6751CEF51}.Release|Any CPU.ActiveCfg = Release|Any CPU
		{86D5A183-9236-40CC-9084-B9E6751CEF51}.Release|Any CPU.Build.0 = Release|Any CPU
	EndGlobalSection
	GlobalSection(SolutionProperties) = preSolution
		HideSolutionNode = FALSE
	EndGlobalSection
	GlobalSection(ExtensibilityGlobals) = postSolution
		SolutionGuid = {C7BF8DFA-6C0E-4E18-A88F-DB1366D495B0}
	EndGlobalSection
EndGlobal
